
Microsoft Visual Studio Solution File, Format Version 12.00
# Visual Studio Version 16
VisualStudioVersion = 16.0.29911.84
MinimumVisualStudioVersion = 10.0.40219.1
Project("{9A19103F-16F7-4668-BE54-9A1E7A4F7556}") = "RatingDemo.WebApp", "RatingDemo.WebApp\RatingDemo.WebApp.csproj", "{1826C2DF-2A8C-402E-BF0B-0D898D30BA95}"
EndProject
Project("{9A19103F-16F7-4668-BE54-9A1E7A4F7556}") = "RatingDemo.BackendApi", "RatingDemo.BackendApi\RatingDemo.BackendApi.csproj", "{893ED490-635D-45C3-912F-E0BD4F1EF7AE}"
EndProject
Project("{9A19103F-16F7-4668-BE54-9A1E7A4F7556}") = "RatingDemo.Data", "RatingDemo.Data\RatingDemo.Data.csproj", "{FB7C98A0-65F3-4160-9170-A280F03C5D7B}"
EndProject
Project("{FAE04EC0-301F-11D3-BF4B-00C04F79EFBC}") = "RatingDemo.BackendApi.Tests", "RatingDemo.BackendApi.Tests\RatingDemo.BackendApi.Tests.csproj", "{2F650C4B-4F21-4BCD-88E7-694DBA181835}"
EndProject
Global
	GlobalSection(SolutionConfigurationPlatforms) = preSolution
		Debug|Any CPU = Debug|Any CPU
		Release|Any CPU = Release|Any CPU
	EndGlobalSection
	GlobalSection(ProjectConfigurationPlatforms) = postSolution
		{1826C2DF-2A8C-402E-BF0B-0D898D30BA95}.Debug|Any CPU.ActiveCfg = Debug|Any CPU
		{1826C2DF-2A8C-402E-BF0B-0D898D30BA95}.Debug|Any CPU.Build.0 = Debug|Any CPU
		{1826C2DF-2A8C-402E-BF0B-0D898D30BA95}.Release|Any CPU.ActiveCfg = Release|Any CPU
		{1826C2DF-2A8C-402E-BF0B-0D898D30BA95}.Release|Any CPU.Build.0 = Release|Any CPU
		{893ED490-635D-45C3-912F-E0BD4F1EF7AE}.Debug|Any CPU.ActiveCfg = Debug|Any CPU
		{893ED490-635D-45C3-912F-E0BD4F1EF7AE}.Debug|Any CPU.Build.0 = Debug|Any CPU
		{893ED490-635D-45C3-912F-E0BD4F1EF7AE}.Release|Any CPU.ActiveCfg = Release|Any CPU
		{893ED490-635D-45C3-912F-E0BD4F1EF7AE}.Release|Any CPU.Build.0 = Release|Any CPU
		{FB7C98A0-65F3-4160-9170-A280F03C5D7B}.Debug|Any CPU.ActiveCfg = Debug|Any CPU
		{FB7C98A0-65F3-4160-9170-A280F03C5D7B}.Debug|Any CPU.Build.0 = Debug|Any CPU
		{FB7C98A0-65F3-4160-9170-A280F03C5D7B}.Release|Any CPU.ActiveCfg = Release|Any CPU
		{FB7C98A0-65F3-4160-9170-A280F03C5D7B}.Release|Any CPU.Build.0 = Release|Any CPU
		{2F650C4B-4F21-4BCD-88E7-694DBA181835}.Debug|Any CPU.ActiveCfg = Debug|Any CPU
		{2F650C4B-4F21-4BCD-88E7-694DBA181835}.Debug|Any CPU.Build.0 = Debug|Any CPU
		{2F650C4B-4F21-4BCD-88E7-694DBA181835}.Release|Any CPU.ActiveCfg = Release|Any CPU
		{2F650C4B-4F21-4BCD-88E7-694DBA181835}.Release|Any CPU.Build.0 = Release|Any CPU
	EndGlobalSection
	GlobalSection(SolutionProperties) = preSolution
		HideSolutionNode = FALSE
	EndGlobalSection
	GlobalSection(ExtensibilityGlobals) = postSolution
		SolutionGuid = {FA962496-CBC3-4E62-B466-6287382B0550}
	EndGlobalSection
EndGlobal
